{
  "version": "1",
  "sources": {
    "nixpkgs": {
      "type": "GitHub",
      "fetchType": "tarball",
      "owner": "nixos",
      "repo": "nixpkgs",
      "branch": "nixos-unstable",
      "revision": "15f4ee454b1dce334612fa6843b3e05cf546efab",
      "url": "https://github.com/nixos/nixpkgs/archive/15f4ee454b1dce334612fa6843b3e05cf546efab.tar.gz",
      "hash": "sha256-Ad49moKWeXtKBJNy2ebiTQUEgdLyvGmTeykAQ9xM+Z4="
    },
    "pre-commit": {
      "type": "GitHub",
      "fetchType": "tarball",
      "owner": "cachix",
      "repo": "git-hooks.nix",
      "branch": "master",
      "revision": "3cfd774b0a530725a077e17354fbdb87ea1c4aad",
      "url": "https://github.com/cachix/git-hooks.nix/archive/3cfd774b0a530725a077e17354fbdb87ea1c4aad.tar.gz",
      "hash": "sha256-PcRvlWayisPSjd0UcRQbhG8Oqw78AcPE6x872cPRHN8="
    }
  }
}
